// !$*UTF8*$!
{
	archiveVersion = 1;
	classes = {
	};
	objectVersion = 50;
	objects = {

/* Begin PBXBuildFile section */
		B973CC7224D448CE00F8BBAA /* MockURLProtocol.swift in Sources */ = {isa = PBXBuildFile; fileRef = B973CC7124D448CE00F8BBAA /* MockURLProtocol.swift */; };
		B973CC7524D46FF800F8BBAA /* posts.json in Resources */ = {isa = PBXBuildFile; fileRef = B973CC7324D46D8200F8BBAA /* posts.json */; };
		B979E7A6248E86D0000164B5 /* RequestBuilder.swift in Sources */ = {isa = PBXBuildFile; fileRef = B979E7A5248E86D0000164B5 /* RequestBuilder.swift */; };
		B9B8F17923AA6FF000122FFC /* APIClient+Combine.swift in Sources */ = {isa = PBXBuildFile; fileRef = B9B8F17823AA6FF000122FFC /* APIClient+Combine.swift */; };
		B9C906452294651E00460067 /* AppDelegate.swift in Sources */ = {isa = PBXBuildFile; fileRef = B9C906442294651E00460067 /* AppDelegate.swift */; };
		B9C906472294651E00460067 /* ViewController.swift in Sources */ = {isa = PBXBuildFile; fileRef = B9C906462294651E00460067 /* ViewController.swift */; };
		B9C9064A2294651E00460067 /* Main.storyboard in Resources */ = {isa = PBXBuildFile; fileRef = B9C906482294651E00460067 /* Main.storyboard */; };
		B9C9064C2294652000460067 /* Assets.xcassets in Resources */ = {isa = PBXBuildFile; fileRef = B9C9064B2294652000460067 /* Assets.xcassets */; };
		B9C9064F2294652000460067 /* LaunchScreen.storyboard in Resources */ = {isa = PBXBuildFile; fileRef = B9C9064D2294652000460067 /* LaunchScreen.storyboard */; };
		B9C906632294887E00460067 /* APIClient.framework in Frameworks */ = {isa = PBXBuildFile; fileRef = B9ED9564229366F600FD1A2D /* APIClient.framework */; };
		B9C9066522948ED200460067 /* API.swift in Sources */ = {isa = PBXBuildFile; fileRef = B9C9066422948ED200460067 /* API.swift */; };
		B9ED956E229366F700FD1A2D /* APIClient.framework in Frameworks */ = {isa = PBXBuildFile; fileRef = B9ED9564229366F600FD1A2D /* APIClient.framework */; };
		B9ED9573229366F700FD1A2D /* APIClientTests.swift in Sources */ = {isa = PBXBuildFile; fileRef = B9ED9572229366F700FD1A2D /* APIClientTests.swift */; };
		B9ED9575229366F700FD1A2D /* APIClient.h in Headers */ = {isa = PBXBuildFile; fileRef = B9ED9567229366F600FD1A2D /* APIClient.h */; settings = {ATTRIBUTES = (Public, ); }; };
		B9ED957F2293673200FD1A2D /* APIClient.swift in Sources */ = {isa = PBXBuildFile; fileRef = B9ED957E2293673200FD1A2D /* APIClient.swift */; };
		B9ED95812293674700FD1A2D /* Endpoint.swift in Sources */ = {isa = PBXBuildFile; fileRef = B9ED95802293674700FD1A2D /* Endpoint.swift */; };
/* End PBXBuildFile section */

/* Begin PBXContainerItemProxy section */
		B9ED956F229366F700FD1A2D /* PBXContainerItemProxy */ = {
			isa = PBXContainerItemProxy;
			containerPortal = B9ED955B229366F600FD1A2D /* Project object */;
			proxyType = 1;
			remoteGlobalIDString = B9ED9563229366F600FD1A2D;
			remoteInfo = APIClient;
		};
/* End PBXContainerItemProxy section */

/* Begin PBXFileReference section */
		B973CC7124D448CE00F8BBAA /* MockURLProtocol.swift */ = {isa = PBXFileReference; lastKnownFileType = sourcecode.swift; path = MockURLProtocol.swift; sourceTree = "<group>"; };
		B973CC7324D46D8200F8BBAA /* posts.json */ = {isa = PBXFileReference; lastKnownFileType = text.json; path = posts.json; sourceTree = "<group>"; };
		B979E7A5248E86D0000164B5 /* RequestBuilder.swift */ = {isa = PBXFileReference; lastKnownFileType = sourcecode.swift; path = RequestBuilder.swift; sourceTree = "<group>"; };
		B9B8F17823AA6FF000122FFC /* APIClient+Combine.swift */ = {isa = PBXFileReference; lastKnownFileType = sourcecode.swift; path = "APIClient+Combine.swift"; sourceTree = "<group>"; };
		B9C906422294651E00460067 /* APIClientSample.app */ = {isa = PBXFileReference; explicitFileType = wrapper.application; includeInIndex = 0; path = APIClientSample.app; sourceTree = BUILT_PRODUCTS_DIR; };
		B9C906442294651E00460067 /* AppDelegate.swift */ = {isa = PBXFileReference; lastKnownFileType = sourcecode.swift; path = AppDelegate.swift; sourceTree = "<group>"; };
		B9C906462294651E00460067 /* ViewController.swift */ = {isa = PBXFileReference; lastKnownFileType = sourcecode.swift; path = ViewController.swift; sourceTree = "<group>"; };
		B9C906492294651E00460067 /* Base */ = {isa = PBXFileReference; lastKnownFileType = file.storyboard; name = Base; path = Base.lproj/Main.storyboard; sourceTree = "<group>"; };
		B9C9064B2294652000460067 /* Assets.xcassets */ = {isa = PBXFileReference; lastKnownFileType = folder.assetcatalog; path = Assets.xcassets; sourceTree = "<group>"; };
		B9C9064E2294652000460067 /* Base */ = {isa = PBXFileReference; lastKnownFileType = file.storyboard; name = Base; path = Base.lproj/LaunchScreen.storyboard; sourceTree = "<group>"; };
		B9C906502294652000460067 /* Info.plist */ = {isa = PBXFileReference; lastKnownFileType = text.plist.xml; path = Info.plist; sourceTree = "<group>"; };
		B9C906592294652100460067 /* APIClientSampleTests.swift */ = {isa = PBXFileReference; lastKnownFileType = sourcecode.swift; path = APIClientSampleTests.swift; sourceTree = "<group>"; };
		B9C9065B2294652100460067 /* Info.plist */ = {isa = PBXFileReference; lastKnownFileType = text.plist.xml; path = Info.plist; sourceTree = "<group>"; };
		B9C9066422948ED200460067 /* API.swift */ = {isa = PBXFileReference; lastKnownFileType = sourcecode.swift; path = API.swift; sourceTree = "<group>"; };
		B9ED9564229366F600FD1A2D /* APIClient.framework */ = {isa = PBXFileReference; explicitFileType = wrapper.framework; includeInIndex = 0; path = APIClient.framework; sourceTree = BUILT_PRODUCTS_DIR; };
		B9ED9567229366F600FD1A2D /* APIClient.h */ = {isa = PBXFileReference; lastKnownFileType = sourcecode.c.h; path = APIClient.h; sourceTree = "<group>"; };
		B9ED9568229366F600FD1A2D /* Info.plist */ = {isa = PBXFileReference; lastKnownFileType = text.plist.xml; path = Info.plist; sourceTree = "<group>"; };
		B9ED956D229366F700FD1A2D /* APIClientTests.xctest */ = {isa = PBXFileReference; explicitFileType = wrapper.cfbundle; includeInIndex = 0; path = APIClientTests.xctest; sourceTree = BUILT_PRODUCTS_DIR; };
		B9ED9572229366F700FD1A2D /* APIClientTests.swift */ = {isa = PBXFileReference; lastKnownFileType = sourcecode.swift; path = APIClientTests.swift; sourceTree = "<group>"; };
		B9ED9574229366F700FD1A2D /* Info.plist */ = {isa = PBXFileReference; lastKnownFileType = text.plist.xml; path = Info.plist; sourceTree = "<group>"; };
		B9ED957E2293673200FD1A2D /* APIClient.swift */ = {isa = PBXFileReference; lastKnownFileType = sourcecode.swift; path = APIClient.swift; sourceTree = "<group>"; };
		B9ED95802293674700FD1A2D /* Endpoint.swift */ = {isa = PBXFileReference; lastKnownFileType = sourcecode.swift; path = Endpoint.swift; sourceTree = "<group>"; };
/* End PBXFileReference section */

/* Begin PBXFrameworksBuildPhase section */
		B9C9063F2294651E00460067 /* Frameworks */ = {
			isa = PBXFrameworksBuildPhase;
			buildActionMask = 2147483647;
			files = (
				B9C906632294887E00460067 /* APIClient.framework in Frameworks */,
			);
			runOnlyForDeploymentPostprocessing = 0;
		};
		B9ED9561229366F600FD1A2D /* Frameworks */ = {
			isa = PBXFrameworksBuildPhase;
			buildActionMask = 2147483647;
			files = (
			);
			runOnlyForDeploymentPostprocessing = 0;
		};
		B9ED956A229366F700FD1A2D /* Frameworks */ = {
			isa = PBXFrameworksBuildPhase;
			buildActionMask = 2147483647;
			files = (
				B9ED956E229366F700FD1A2D /* APIClient.framework in Frameworks */,
			);
			runOnlyForDeploymentPostprocessing = 0;
		};
/* End PBXFrameworksBuildPhase section */

/* Begin PBXGroup section */
		B9C906432294651E00460067 /* APIClientSample */ = {
			isa = PBXGroup;
			children = (
				B9C906442294651E00460067 /* AppDelegate.swift */,
				B9C9066422948ED200460067 /* API.swift */,
				B9C906462294651E00460067 /* ViewController.swift */,
				B9C906482294651E00460067 /* Main.storyboard */,
				B9C9064B2294652000460067 /* Assets.xcassets */,
				B9C9064D2294652000460067 /* LaunchScreen.storyboard */,
				B9C906502294652000460067 /* Info.plist */,
			);
			path = APIClientSample;
			sourceTree = "<group>";
		};
		B9C906582294652100460067 /* APIClientSampleTests */ = {
			isa = PBXGroup;
			children = (
				B9C906592294652100460067 /* APIClientSampleTests.swift */,
				B9C9065B2294652100460067 /* Info.plist */,
			);
			path = APIClientSampleTests;
			sourceTree = "<group>";
		};
		B9C906622294887E00460067 /* Frameworks */ = {
			isa = PBXGroup;
			children = (
			);
			name = Frameworks;
			sourceTree = "<group>";
		};
		B9ED955A229366F600FD1A2D = {
			isa = PBXGroup;
			children = (
				B9ED9566229366F600FD1A2D /* APIClient */,
				B9ED9571229366F700FD1A2D /* APIClientTests */,
				B9C906432294651E00460067 /* APIClientSample */,
				B9C906582294652100460067 /* APIClientSampleTests */,
				B9ED9565229366F600FD1A2D /* Products */,
				B9C906622294887E00460067 /* Frameworks */,
			);
			sourceTree = "<group>";
		};
		B9ED9565229366F600FD1A2D /* Products */ = {
			isa = PBXGroup;
			children = (
				B9ED9564229366F600FD1A2D /* APIClient.framework */,
				B9ED956D229366F700FD1A2D /* APIClientTests.xctest */,
				B9C906422294651E00460067 /* APIClientSample.app */,
			);
			name = Products;
			sourceTree = "<group>";
		};
		B9ED9566229366F600FD1A2D /* APIClient */ = {
			isa = PBXGroup;
			children = (
				B9ED9567229366F600FD1A2D /* APIClient.h */,
				B9ED9568229366F600FD1A2D /* Info.plist */,
				B9ED957E2293673200FD1A2D /* APIClient.swift */,
				B9ED95802293674700FD1A2D /* Endpoint.swift */,
				B9B8F17823AA6FF000122FFC /* APIClient+Combine.swift */,
				B979E7A5248E86D0000164B5 /* RequestBuilder.swift */,
			);
			path = APIClient;
			sourceTree = "<group>";
		};
		B9ED9571229366F700FD1A2D /* APIClientTests */ = {
			isa = PBXGroup;
			children = (
				B9ED9572229366F700FD1A2D /* APIClientTests.swift */,
				B9ED9574229366F700FD1A2D /* Info.plist */,
				B973CC7124D448CE00F8BBAA /* MockURLProtocol.swift */,
				B973CC7324D46D8200F8BBAA /* posts.json */,
			);
			path = APIClientTests;
			sourceTree = "<group>";
		};
/* End PBXGroup section */

/* Begin PBXHeadersBuildPhase section */
		B9ED955F229366F600FD1A2D /* Headers */ = {
			isa = PBXHeadersBuildPhase;
			buildActionMask = 2147483647;
			files = (
				B9ED9575229366F700FD1A2D /* APIClient.h in Headers */,
			);
			runOnlyForDeploymentPostprocessing = 0;
		};
/* End PBXHeadersBuildPhase section */

/* Begin PBXNativeTarget section */
		B9C906412294651E00460067 /* APIClientSample */ = {
			isa = PBXNativeTarget;
			buildConfigurationList = B9C906602294652100460067 /* Build configuration list for PBXNativeTarget "APIClientSample" */;
			buildPhases = (
				B9C9063E2294651E00460067 /* Sources */,
				B9C9063F2294651E00460067 /* Frameworks */,
				B9C906402294651E00460067 /* Resources */,
			);
			buildRules = (
			);
			dependencies = (
			);
			name = APIClientSample;
			productName = APIClientSample;
			productReference = B9C906422294651E00460067 /* APIClientSample.app */;
			productType = "com.apple.product-type.application";
		};
		B9ED9563229366F600FD1A2D /* APIClient */ = {
			isa = PBXNativeTarget;
			buildConfigurationList = B9ED9578229366F700FD1A2D /* Build configuration list for PBXNativeTarget "APIClient" */;
			buildPhases = (
				B9ED955F229366F600FD1A2D /* Headers */,
				B9ED9560229366F600FD1A2D /* Sources */,
				B9ED9561229366F600FD1A2D /* Frameworks */,
				B9ED9562229366F600FD1A2D /* Resources */,
			);
			buildRules = (
			);
			dependencies = (
			);
			name = APIClient;
			productName = APIClient;
			productReference = B9ED9564229366F600FD1A2D /* APIClient.framework */;
			productType = "com.apple.product-type.framework";
		};
		B9ED956C229366F700FD1A2D /* APIClientTests */ = {
			isa = PBXNativeTarget;
			buildConfigurationList = B9ED957B229366F700FD1A2D /* Build configuration list for PBXNativeTarget "APIClientTests" */;
			buildPhases = (
				B9ED9569229366F700FD1A2D /* Sources */,
				B9ED956A229366F700FD1A2D /* Frameworks */,
				B9ED956B229366F700FD1A2D /* Resources */,
			);
			buildRules = (
			);
			dependencies = (
				B9ED9570229366F700FD1A2D /* PBXTargetDependency */,
			);
			name = APIClientTests;
			productName = APIClientTests;
			productReference = B9ED956D229366F700FD1A2D /* APIClientTests.xctest */;
			productType = "com.apple.product-type.bundle.unit-test";
		};
/* End PBXNativeTarget section */

/* Begin PBXProject section */
		B9ED955B229366F600FD1A2D /* Project object */ = {
			isa = PBXProject;
			attributes = {
				LastSwiftUpdateCheck = 1020;
				LastUpgradeCheck = 1020;
				ORGANIZATIONNAME = "Daniel Cardona Rojas";
				TargetAttributes = {
					B9C906412294651E00460067 = {
						CreatedOnToolsVersion = 10.2.1;
					};
					B9ED9563229366F600FD1A2D = {
						CreatedOnToolsVersion = 10.2.1;
						LastSwiftMigration = 1020;
					};
					B9ED956C229366F700FD1A2D = {
						CreatedOnToolsVersion = 10.2.1;
					};
				};
			};
			buildConfigurationList = B9ED955E229366F600FD1A2D /* Build configuration list for PBXProject "APIClient" */;
			compatibilityVersion = "Xcode 9.3";
			developmentRegion = en;
			hasScannedForEncodings = 0;
			knownRegions = (
				en,
				Base,
			);
			mainGroup = B9ED955A229366F600FD1A2D;
			productRefGroup = B9ED9565229366F600FD1A2D /* Products */;
			projectDirPath = "";
			projectRoot = "";
			targets = (
				B9ED9563229366F600FD1A2D /* APIClient */,
				B9ED956C229366F700FD1A2D /* APIClientTests */,
				B9C906412294651E00460067 /* APIClientSample */,
			);
		};
/* End PBXProject section */

/* Begin PBXResourcesBuildPhase section */
		B9C906402294651E00460067 /* Resources */ = {
			isa = PBXResourcesBuildPhase;
			buildActionMask = 2147483647;
			files = (
				B9C9064F2294652000460067 /* LaunchScreen.storyboard in Resources */,
				B9C9064C2294652000460067 /* Assets.xcassets in Resources */,
				B9C9064A2294651E00460067 /* Main.storyboard in Resources */,
			);
			runOnlyForDeploymentPostprocessing = 0;
		};
		B9ED9562229366F600FD1A2D /* Resources */ = {
			isa = PBXResourcesBuildPhase;
			buildActionMask = 2147483647;
			files = (
			);
			runOnlyForDeploymentPostprocessing = 0;
		};
		B9ED956B229366F700FD1A2D /* Resources */ = {
			isa = PBXResourcesBuildPhase;
			buildActionMask = 2147483647;
			files = (
				B973CC7524D46FF800F8BBAA /* posts.json in Resources */,
			);
			runOnlyForDeploymentPostprocessing = 0;
		};
/* End PBXResourcesBuildPhase section */

/* Begin PBXSourcesBuildPhase section */
		B9C9063E2294651E00460067 /* Sources */ = {
			isa = PBXSourcesBuildPhase;
			buildActionMask = 2147483647;
			files = (
				B9C906472294651E00460067 /* ViewController.swift in Sources */,
				B9C9066522948ED200460067 /* API.swift in Sources */,
				B9C906452294651E00460067 /* AppDelegate.swift in Sources */,
			);
			runOnlyForDeploymentPostprocessing = 0;
		};
		B9ED9560229366F600FD1A2D /* Sources */ = {
			isa = PBXSourcesBuildPhase;
			buildActionMask = 2147483647;
			files = (
				B979E7A6248E86D0000164B5 /* RequestBuilder.swift in Sources */,
				B9ED95812293674700FD1A2D /* Endpoint.swift in Sources */,
				B9ED957F2293673200FD1A2D /* APIClient.swift in Sources */,
				B9B8F17923AA6FF000122FFC /* APIClient+Combine.swift in Sources */,
			);
			runOnlyForDeploymentPostprocessing = 0;
		};
		B9ED9569229366F700FD1A2D /* Sources */ = {
			isa = PBXSourcesBuildPhase;
			buildActionMask = 2147483647;
			files = (
				B9ED9573229366F700FD1A2D /* APIClientTests.swift in Sources */,
				B973CC7224D448CE00F8BBAA /* MockURLProtocol.swift in Sources */,
			);
			runOnlyForDeploymentPostprocessing = 0;
		};
/* End PBXSourcesBuildPhase section */

/* Begin PBXTargetDependency section */
		B9ED9570229366F700FD1A2D /* PBXTargetDependency */ = {
			isa = PBXTargetDependency;
			target = B9ED9563229366F600FD1A2D /* APIClient */;
			targetProxy = B9ED956F229366F700FD1A2D /* PBXContainerItemProxy */;
		};
/* End PBXTargetDependency section */

/* Begin PBXVariantGroup section */
		B9C906482294651E00460067 /* Main.storyboard */ = {
			isa = PBXVariantGroup;
			children = (
				B9C906492294651E00460067 /* Base */,
			);
			name = Main.storyboard;
			sourceTree = "<group>";
		};
		B9C9064D2294652000460067 /* LaunchScreen.storyboard */ = {
			isa = PBXVariantGroup;
			children = (
				B9C9064E2294652000460067 /* Base */,
			);
			name = LaunchScreen.storyboard;
			sourceTree = "<group>";
		};
/* End PBXVariantGroup section */

/* Begin XCBuildConfiguration section */
		B9C9065C2294652100460067 /* Debug */ = {
			isa = XCBuildConfiguration;
			buildSettings = {
				ASSETCATALOG_COMPILER_APPICON_NAME = AppIcon;
				CODE_SIGN_STYLE = Automatic;
				INFOPLIST_FILE = APIClientSample/Info.plist;
				IPHONEOS_DEPLOYMENT_TARGET = 13.0;
				LD_RUNPATH_SEARCH_PATHS = (
					"$(inherited)",
					"@executable_path/Frameworks",
				);
				PRODUCT_BUNDLE_IDENTIFIER = com.danielcardona.APIClientSample;
				PRODUCT_NAME = "$(TARGET_NAME)";
				SWIFT_VERSION = 5.0;
				TARGETED_DEVICE_FAMILY = "1,2";
			};
			name = Debug;
		};
		B9C9065D2294652100460067 /* Release */ = {
			isa = XCBuildConfiguration;
			buildSettings = {
				ASSETCATALOG_COMPILER_APPICON_NAME = AppIcon;
				CODE_SIGN_STYLE = Automatic;
				INFOPLIST_FILE = APIClientSample/Info.plist;
				IPHONEOS_DEPLOYMENT_TARGET = 13.0;
				LD_RUNPATH_SEARCH_PATHS = (
					"$(inherited)",
					"@executable_path/Frameworks",
				);
				PRODUCT_BUNDLE_IDENTIFIER = com.danielcardona.APIClientSample;
				PRODUCT_NAME = "$(TARGET_NAME)";
				SWIFT_VERSION = 5.0;
				TARGETED_DEVICE_FAMILY = "1,2";
			};
			name = Release;
		};
		B9ED9576229366F700FD1A2D /* Debug */ = {
			isa = XCBuildConfiguration;
			buildSettings = {
				ALWAYS_SEARCH_USER_PATHS = NO;
				CLANG_ANALYZER_NONNULL = YES;
				CLANG_ANALYZER_NUMBER_OBJECT_CONVERSION = YES_AGGRESSIVE;
				CLANG_CXX_LANGUAGE_STANDARD = "gnu++14";
				CLANG_CXX_LIBRARY = "libc++";
				CLANG_ENABLE_MODULES = YES;
				CLANG_ENABLE_OBJC_ARC = YES;
				CLANG_ENABLE_OBJC_WEAK = YES;
				CLANG_WARN_BLOCK_CAPTURE_AUTORELEASING = YES;
				CLANG_WARN_BOOL_CONVERSION = YES;
				CLANG_WARN_COMMA = YES;
				CLANG_WARN_CONSTANT_CONVERSION = YES;
				CLANG_WARN_DEPRECATED_OBJC_IMPLEMENTATIONS = YES;
				CLANG_WARN_DIRECT_OBJC_ISA_USAGE = YES_ERROR;
				CLANG_WARN_DOCUMENTATION_COMMENTS = YES;
				CLANG_WARN_EMPTY_BODY = YES;
				CLANG_WARN_ENUM_CONVERSION = YES;
				CLANG_WARN_INFINITE_RECURSION = YES;
				CLANG_WARN_INT_CONVERSION = YES;
				CLANG_WARN_NON_LITERAL_NULL_CONVERSION = YES;
				CLANG_WARN_OBJC_IMPLICIT_RETAIN_SELF = YES;
				CLANG_WARN_OBJC_LITERAL_CONVERSION = YES;
				CLANG_WARN_OBJC_ROOT_CLASS = YES_ERROR;
				CLANG_WARN_RANGE_LOOP_ANALYSIS = YES;
				CLANG_WARN_STRICT_PROTOTYPES = YES;
				CLANG_WARN_SUSPICIOUS_MOVE = YES;
				CLANG_WARN_UNGUARDED_AVAILABILITY = YES_AGGRESSIVE;
				CLANG_WARN_UNREACHABLE_CODE = YES;
				CLANG_WARN__DUPLICATE_METHOD_MATCH = YES;
				CODE_SIGN_IDENTITY = "iPhone Developer";
				COPY_PHASE_STRIP = NO;
				CURRENT_PROJECT_VERSION = 1;
				DEBUG_INFORMATION_FORMAT = dwarf;
				ENABLE_STRICT_OBJC_MSGSEND = YES;
				ENABLE_TESTABILITY = YES;
				GCC_C_LANGUAGE_STANDARD = gnu11;
				GCC_DYNAMIC_NO_PIC = NO;
				GCC_NO_COMMON_BLOCKS = YES;
				GCC_OPTIMIZATION_LEVEL = 0;
				GCC_PREPROCESSOR_DEFINITIONS = (
					"DEBUG=1",
					"$(inherited)",
				);
				GCC_WARN_64_TO_32_BIT_CONVERSION = YES;
				GCC_WARN_ABOUT_RETURN_TYPE = YES_ERROR;
				GCC_WARN_UNDECLARED_SELECTOR = YES;
				GCC_WARN_UNINITIALIZED_AUTOS = YES_AGGRESSIVE;
				GCC_WARN_UNUSED_FUNCTION = YES;
				GCC_WARN_UNUSED_VARIABLE = YES;
				IPHONEOS_DEPLOYMENT_TARGET = 12.2;
				MTL_ENABLE_DEBUG_INFO = INCLUDE_SOURCE;
				MTL_FAST_MATH = YES;
				ONLY_ACTIVE_ARCH = YES;
				SDKROOT = iphoneos;
				SWIFT_ACTIVE_COMPILATION_CONDITIONS = DEBUG;
				SWIFT_OPTIMIZATION_LEVEL = "-Onone";
				VERSIONING_SYSTEM = "apple-generic";
				VERSION_INFO_PREFIX = "";
			};
			name = Debug;
		};
		B9ED9577229366F700FD1A2D /* Release */ = {
			isa = XCBuildConfiguration;
			buildSettings = {
				ALWAYS_SEARCH_USER_PATHS = NO;
				CLANG_ANALYZER_NONNULL = YES;
				CLANG_ANALYZER_NUMBER_OBJECT_CONVERSION = YES_AGGRESSIVE;
				CLANG_CXX_LANGUAGE_STANDARD = "gnu++14";
				CLANG_CXX_LIBRARY = "libc++";
				CLANG_ENABLE_MODULES = YES;
				CLANG_ENABLE_OBJC_ARC = YES;
				CLANG_ENABLE_OBJC_WEAK = YES;
				CLANG_WARN_BLOCK_CAPTURE_AUTORELEASING = YES;
				CLANG_WARN_BOOL_CONVERSION = YES;
				CLANG_WARN_COMMA = YES;
				CLANG_WARN_CONSTANT_CONVERSION = YES;
				CLANG_WARN_DEPRECATED_OBJC_IMPLEMENTATIONS = YES;
				CLANG_WARN_DIRECT_OBJC_ISA_USAGE = YES_ERROR;
				CLANG_WARN_DOCUMENTATION_COMMENTS = YES;
				CLANG_WARN_EMPTY_BODY = YES;
				CLANG_WARN_ENUM_CONVERSION = YES;
				CLANG_WARN_INFINITE_RECURSION = YES;
				CLANG_WARN_INT_CONVERSION = YES;
				CLANG_WARN_NON_LITERAL_NULL_CONVERSION = YES;
				CLANG_WARN_OBJC_IMPLICIT_RETAIN_SELF = YES;
				CLANG_WARN_OBJC_LITERAL_CONVERSION = YES;
				CLANG_WARN_OBJC_ROOT_CLASS = YES_ERROR;
				CLANG_WARN_RANGE_LOOP_ANALYSIS = YES;
				CLANG_WARN_STRICT_PROTOTYPES = YES;
				CLANG_WARN_SUSPICIOUS_MOVE = YES;
				CLANG_WARN_UNGUARDED_AVAILABILITY = YES_AGGRESSIVE;
				CLANG_WARN_UNREACHABLE_CODE = YES;
				CLANG_WARN__DUPLICATE_METHOD_MATCH = YES;
				CODE_SIGN_IDENTITY = "iPhone Developer";
				COPY_PHASE_STRIP = NO;
				CURRENT_PROJECT_VERSION = 1;
				DEBUG_INFORMATION_FORMAT = "dwarf-with-dsym";
				ENABLE_NS_ASSERTIONS = NO;
				ENABLE_STRICT_OBJC_MSGSEND = YES;
				GCC_C_LANGUAGE_STANDARD = gnu11;
				GCC_NO_COMMON_BLOCKS = YES;
				GCC_WARN_64_TO_32_BIT_CONVERSION = YES;
				GCC_WARN_ABOUT_RETURN_TYPE = YES_ERROR;
				GCC_WARN_UNDECLARED_SELECTOR = YES;
				GCC_WARN_UNINITIALIZED_AUTOS = YES_AGGRESSIVE;
				GCC_WARN_UNUSED_FUNCTION = YES;
				GCC_WARN_UNUSED_VARIABLE = YES;
				IPHONEOS_DEPLOYMENT_TARGET = 12.2;
				MTL_ENABLE_DEBUG_INFO = NO;
				MTL_FAST_MATH = YES;
				SDKROOT = iphoneos;
				SWIFT_COMPILATION_MODE = wholemodule;
				SWIFT_OPTIMIZATION_LEVEL = "-O";
				VALIDATE_PRODUCT = YES;
				VERSIONING_SYSTEM = "apple-generic";
				VERSION_INFO_PREFIX = "";
			};
			name = Release;
		};
		B9ED9579229366F700FD1A2D /* Debug */ = {
			isa = XCBuildConfiguration;
			buildSettings = {
				CLANG_ENABLE_MODULES = YES;
				CODE_SIGN_IDENTITY = "Apple Development";
				CODE_SIGN_STYLE = Automatic;
				DEFINES_MODULE = YES;
				DEVELOPMENT_TEAM = L6BZS62EE3;
				DYLIB_COMPATIBILITY_VERSION = 1;
				DYLIB_CURRENT_VERSION = 1;
				DYLIB_INSTALL_NAME_BASE = "@rpath";
				INFOPLIST_FILE = APIClient/Info.plist;
				INSTALL_PATH = "$(LOCAL_LIBRARY_DIR)/Frameworks";
				IPHONEOS_DEPLOYMENT_TARGET = 10.0;
				LD_RUNPATH_SEARCH_PATHS = (
					"$(inherited)",
					"@executable_path/Frameworks",
					"@loader_path/Frameworks",
				);
				PRODUCT_BUNDLE_IDENTIFIER = com.danielcardona.APIClient;
				PRODUCT_NAME = "$(TARGET_NAME:c99extidentifier)";
				SKIP_INSTALL = YES;
				SWIFT_OPTIMIZATION_LEVEL = "-Onone";
				SWIFT_VERSION = 5.0;
				TARGETED_DEVICE_FAMILY = "1,2";
			};
			name = Debug;
		};
		B9ED957A229366F700FD1A2D /* Release */ = {
			isa = XCBuildConfiguration;
			buildSettings = {
				CLANG_ENABLE_MODULES = YES;
				CODE_SIGN_IDENTITY = "Apple Development";
				CODE_SIGN_STYLE = Automatic;
				DEFINES_MODULE = YES;
				DEVELOPMENT_TEAM = L6BZS62EE3;
				DYLIB_COMPATIBILITY_VERSION = 1;
				DYLIB_CURRENT_VERSION = 1;
				DYLIB_INSTALL_NAME_BASE = "@rpath";
				INFOPLIST_FILE = APIClient/Info.plist;
				INSTALL_PATH = "$(LOCAL_LIBRARY_DIR)/Frameworks";
				IPHONEOS_DEPLOYMENT_TARGET = 10.0;
				LD_RUNPATH_SEARCH_PATHS = (
					"$(inherited)",
					"@executable_path/Frameworks",
					"@loader_path/Frameworks",
				);
				PRODUCT_BUNDLE_IDENTIFIER = com.danielcardona.APIClient;
				PRODUCT_NAME = "$(TARGET_NAME:c99extidentifier)";
				SKIP_INSTALL = YES;
				SWIFT_VERSION = 5.0;
				TARGETED_DEVICE_FAMILY = "1,2";
			};
			name = Release;
		};
		B9ED957C229366F700FD1A2D /* Debug */ = {
			isa = XCBuildConfiguration;
			buildSettings = {
				ALWAYS_EMBED_SWIFT_STANDARD_LIBRARIES = YES;
				CODE_SIGN_STYLE = Automatic;
				DEVELOPMENT_TEAM = L6BZS62EE3;
				INFOPLIST_FILE = APIClientTests/Info.plist;
				LD_RUNPATH_SEARCH_PATHS = (
					"$(inherited)",
					"@executable_path/Frameworks",
					"@loader_path/Frameworks",
				);
				PRODUCT_BUNDLE_IDENTIFIER = com.danielcardona.APIClientTests;
				PRODUCT_NAME = "$(TARGET_NAME)";
				SWIFT_VERSION = 5.0;
				TARGETED_DEVICE_FAMILY = "1,2";
			};
			name = Debug;
		};
		B9ED957D229366F700FD1A2D /* Release */ = {
			isa = XCBuildConfiguration;
			buildSettings = {
				ALWAYS_EMBED_SWIFT_STANDARD_LIBRARIES = YES;
				CODE_SIGN_STYLE = Automatic;
				DEVELOPMENT_TEAM = L6BZS62EE3;
				INFOPLIST_FILE = APIClientTests/Info.plist;
				LD_RUNPATH_SEARCH_PATHS = (
					"$(inherited)",
					"@executable_path/Frameworks",
					"@loader_path/Frameworks",
				);
				PRODUCT_BUNDLE_IDENTIFIER = com.danielcardona.APIClientTests;
				PRODUCT_NAME = "$(TARGET_NAME)";
				SWIFT_VERSION = 5.0;
				TARGETED_DEVICE_FAMILY = "1,2";
			};
			name = Release;
		};
/* End XCBuildConfiguration section */

/* Begin XCConfigurationList section */
		B9C906602294652100460067 /* Build configuration list for PBXNativeTarget "APIClientSample" */ = {
			isa = XCConfigurationList;
			buildConfigurations = (
				B9C9065C2294652100460067 /* Debug */,
				B9C9065D2294652100460067 /* Release */,
			);
			defaultConfigurationIsVisible = 0;
			defaultConfigurationName = Release;
		};
		B9ED955E229366F600FD1A2D /* Build configuration list for PBXProject "APIClient" */ = {
			isa = XCConfigurationList;
			buildConfigurations = (
				B9ED9576229366F700FD1A2D /* Debug */,
				B9ED9577229366F700FD1A2D /* Release */,
			);
			defaultConfigurationIsVisible = 0;
			defaultConfigurationName = Release;
		};
		B9ED9578229366F700FD1A2D /* Build configuration list for PBXNativeTarget "APIClient" */ = {
			isa = XCConfigurationList;
			buildConfigurations = (
				B9ED9579229366F700FD1A2D /* Debug */,
				B9ED957A229366F700FD1A2D /* Release */,
			);
			defaultConfigurationIsVisible = 0;
			defaultConfigurationName = Release;
		};
		B9ED957B229366F700FD1A2D /* Build configuration list for PBXNativeTarget "APIClientTests" */ = {
			isa = XCConfigurationList;
			buildConfigurations = (
				B9ED957C229366F700FD1A2D /* Debug */,
				B9ED957D229366F700FD1A2D /* Release */,
			);
			defaultConfigurationIsVisible = 0;
			defaultConfigurationName = Release;
		};
/* End XCConfigurationList section */
	};
	rootObject = B9ED955B229366F600FD1A2D /* Project object */;
}
